{
  "name": "mbo",
  "version": "0.0.0",
  "lockfileVersion": 1,
  "requires": true,
  "dependencies": {
    "@ngrx/effects": {
      "version": "4.1.1",
      "resolved": "https://registry.npmjs.org/@ngrx/effects/-/effects-4.1.1.tgz",
      "integrity": "sha1-y3WLhSeWSyWOpBlR9ZqhROPvn64="
    },
    "@ngrx/store": {
      "version": "4.1.1",
      "resolved": "https://registry.npmjs.org/@ngrx/store/-/store-4.1.1.tgz",
      "integrity": "sha1-aA403yd16IUnVO13f/rJW9gbfeA="
    },
    "@ngrx/store-devtools": {
      "version": "4.1.1",
      "resolved": "https://registry.npmjs.org/@ngrx/store-devtools/-/store-devtools-4.1.1.tgz",
      "integrity": "sha1-IHRcOcdWD9wF+k8iY4RCp+x91nY="
    }
  }
}
